
Microsoft Visual Studio Solution File, Format Version 12.00
# Visual Studio Version 17
VisualStudioVersion = 17.4.33213.308
MinimumVisualStudioVersion = 10.0.40219.1
Project("{FAE04EC0-301F-11D3-BF4B-00C04F79EFBC}") = "API", "API\API.csproj", "{B54184CB-7167-4E66-AC73-7F4CA150425E}"
EndProject
Global
	GlobalSection(SolutionConfigurationPlatforms) = preSolution
		Debug|Any CPU = Debug|Any CPU
		Release|Any CPU = Release|Any CPU
	EndGlobalSection
	GlobalSection(ProjectConfigurationPlatforms) = postSolution
		{B54184CB-7167-4E66-AC73-7F4CA150425E}.Debug|Any CPU.ActiveCfg = Debug|Any CPU
		{B54184CB-7167-4E66-AC73-7F4CA150425E}.Debug|Any CPU.Build.0 = Debug|Any CPU
		{B54184CB-7167-4E66-AC73-7F4CA150425E}.Release|Any CPU.ActiveCfg = Release|Any CPU
		{B54184CB-7167-4E66-AC73-7F4CA150425E}.Release|Any CPU.Build.0 = Release|Any CPU
	EndGlobalSection
	GlobalSection(SolutionProperties) = preSolution
		HideSolutionNode = FALSE
	EndGlobalSection
	GlobalSection(ExtensibilityGlobals) = postSolution
		SolutionGuid = {8B2DBBF6-A1A7-49D1-AE55-7E3A4DA534B4}
	EndGlobalSection
EndGlobal
